
Microsoft Visual Studio Solution File, Format Version 12.00
# Visual Studio 15
VisualStudioVersion = 15.0.27428.2043
MinimumVisualStudioVersion = 10.0.40219.1
Project("{FAE04EC0-301F-11D3-BF4B-00C04F79EFBC}") = "MIDI Time Division Reader", "MIDI Time Division Reader\MIDI Time Division Reader.csproj", "{F7B42CE7-DAAD-4F48-9EAA-73663560FCC9}"
EndProject
Global
	GlobalSection(SolutionConfigurationPlatforms) = preSolution
		Debug|Any CPU = Debug|Any CPU
		Release|Any CPU = Release|Any CPU
	EndGlobalSection
	GlobalSection(ProjectConfigurationPlatforms) = postSolution
		{F7B42CE7-DAAD-4F48-9EAA-73663560FCC9}.Debug|Any CPU.ActiveCfg = Debug|Any CPU
		{F7B42CE7-DAAD-4F48-9EAA-73663560FCC9}.Debug|Any CPU.Build.0 = Debug|Any CPU
		{F7B42CE7-DAAD-4F48-9EAA-73663560FCC9}.Release|Any CPU.ActiveCfg = Release|Any CPU
		{F7B42CE7-DAAD-4F48-9EAA-73663560FCC9}.Release|Any CPU.Build.0 = Release|Any CPU
	EndGlobalSection
	GlobalSection(SolutionProperties) = preSolution
		HideSolutionNode = FALSE
	EndGlobalSection
	GlobalSection(ExtensibilityGlobals) = postSolution
		SolutionGuid = {A6EFF883-B43C-4701-8C00-55C925A17F83}
	EndGlobalSection
EndGlobal
